
Microsoft Visual Studio Solution File, Format Version 12.00
# Visual Studio Version 17
VisualStudioVersion = 17.5.002.0
MinimumVisualStudioVersion = 10.0.40219.1
Project("{2150E333-8FDC-42A3-9474-1A3956D46DE8}") = "src", "src", "{C43BECC8-9B3F-4BF4-B8BD-6064BC697866}"
EndProject
Project("{9A19103F-16F7-4668-BE54-9A1E7A4F7556}") = "HelloDallE", "src\HelloDallE\HelloDallE.csproj", "{5F8591EC-7473-4CB6-B7F8-EB9C0553D867}"
EndProject
Global
	GlobalSection(SolutionConfigurationPlatforms) = preSolution
		Debug|Any CPU = Debug|Any CPU
		Release|Any CPU = Release|Any CPU
	EndGlobalSection
	GlobalSection(ProjectConfigurationPlatforms) = postSolution
		{5F8591EC-7473-4CB6-B7F8-EB9C0553D867}.Debug|Any CPU.ActiveCfg = Debug|Any CPU
		{5F8591EC-7473-4CB6-B7F8-EB9C0553D867}.Debug|Any CPU.Build.0 = Debug|Any CPU
		{5F8591EC-7473-4CB6-B7F8-EB9C0553D867}.Release|Any CPU.ActiveCfg = Release|Any CPU
		{5F8591EC-7473-4CB6-B7F8-EB9C0553D867}.Release|Any CPU.Build.0 = Release|Any CPU
	EndGlobalSection
	GlobalSection(SolutionProperties) = preSolution
		HideSolutionNode = FALSE
	EndGlobalSection
	GlobalSection(NestedProjects) = preSolution
		{5F8591EC-7473-4CB6-B7F8-EB9C0553D867} = {C43BECC8-9B3F-4BF4-B8BD-6064BC697866}
	EndGlobalSection
	GlobalSection(ExtensibilityGlobals) = postSolution
		SolutionGuid = {3D122C55-41C0-4105-922A-FEB4767B2940}
	EndGlobalSection
EndGlobal
